// !$*UTF8*$!
{
	archiveVersion = 1;
	classes = {
	};
	objectVersion = 52;
	objects = {

/* Begin PBXBuildFile section */
		01C1B3C576A319A48C83259E /* Pods_KutahyaUlasim.framework in Frameworks */ = {isa = PBXBuildFile; fileRef = 76CCFAA270261DB74459E254 /* Pods_KutahyaUlasim.framework */; };
		B247724D04D12C46659214AA /* Pods_KutahyaUlasimTests.framework in Frameworks */ = {isa = PBXBuildFile; fileRef = B801D4BBBC88C8BD6569F071 /* Pods_KutahyaUlasimTests.framework */; };
		CC605AAE9011AA4AC6BD708D /* Pods_KutahyaUlasim_KutahyaUlasimUITests.framework in Frameworks */ = {isa = PBXBuildFile; fileRef = ED6C90D1E233BAB0C17EA360 /* Pods_KutahyaUlasim_KutahyaUlasimUITests.framework */; };
		F847103E247EDB440075E239 /* ring.kml in Resources */ = {isa = PBXBuildFile; fileRef = F847103D247EDB440075E239 /* ring.kml */; };
		F86A4FDC246AB656006423F3 /* AppDelegate.swift in Sources */ = {isa = PBXBuildFile; fileRef = F86A4FDB246AB656006423F3 /* AppDelegate.swift */; };
		F86A4FDE246AB656006423F3 /* SceneDelegate.swift in Sources */ = {isa = PBXBuildFile; fileRef = F86A4FDD246AB656006423F3 /* SceneDelegate.swift */; };
		F86A4FE0246AB656006423F3 /* ViewController.swift in Sources */ = {isa = PBXBuildFile; fileRef = F86A4FDF246AB656006423F3 /* ViewController.swift */; };
		F86A4FE3246AB656006423F3 /* Main.storyboard in Resources */ = {isa = PBXBuildFile; fileRef = F86A4FE1246AB656006423F3 /* Main.storyboard */; };
		F86A4FE5246AB658006423F3 /* Assets.xcassets in Resources */ = {isa = PBXBuildFile; fileRef = F86A4FE4246AB658006423F3 /* Assets.xcassets */; };
		F86A4FE8246AB658006423F3 /* LaunchScreen.storyboard in Resources */ = {isa = PBXBuildFile; fileRef = F86A4FE6246AB658006423F3 /* LaunchScreen.storyboard */; };
		F86A5012246AC6F6006423F3 /* SwiftSoup in Frameworks */ = {isa = PBXBuildFile; productRef = F86A5011246AC6F6006423F3 /* SwiftSoup */; };
		F86A5014246AF223006423F3 /* UlasimData.swift in Sources */ = {isa = PBXBuildFile; fileRef = F86A5013246AF223006423F3 /* UlasimData.swift */; };
		F8E57733247FC7730053203A /* DarkMapStyle.json in Resources */ = {isa = PBXBuildFile; fileRef = F8E57732247FC7730053203A /* DarkMapStyle.json */; };
		F8E57735247FD4FF0053203A /* NightMapStyle.json in Resources */ = {isa = PBXBuildFile; fileRef = F8E57734247FD4FF0053203A /* NightMapStyle.json */; };
		F8E57737247FD5390053203A /* RetroMapStyle.json in Resources */ = {isa = PBXBuildFile; fileRef = F8E57736247FD5390053203A /* RetroMapStyle.json */; };
		F8E57739247FD5730053203A /* SilverMapStyle.json in Resources */ = {isa = PBXBuildFile; fileRef = F8E57738247FD5730053203A /* SilverMapStyle.json */; };
		F8E5773B247FD59F0053203A /* AubergineMapStyle.json in Resources */ = {isa = PBXBuildFile; fileRef = F8E5773A247FD59F0053203A /* AubergineMapStyle.json */; };
		F8E5773F247FE3920053203A /* StandartMapStyle.json in Resources */ = {isa = PBXBuildFile; fileRef = F8E5773E247FE3920053203A /* StandartMapStyle.json */; };
/* End PBXBuildFile section */

/* Begin PBXContainerItemProxy section */
		F86A4FEF246AB659006423F3 /* PBXContainerItemProxy */ = {
			isa = PBXContainerItemProxy;
			containerPortal = F86A4FD0246AB656006423F3 /* Project object */;
			proxyType = 1;
			remoteGlobalIDString = F86A4FD7246AB656006423F3;
			remoteInfo = KutahyaUlasim;
		};
		F86A4FFA246AB659006423F3 /* PBXContainerItemProxy */ = {
			isa = PBXContainerItemProxy;
			containerPortal = F86A4FD0246AB656006423F3 /* Project object */;
			proxyType = 1;
			remoteGlobalIDString = F86A4FD7246AB656006423F3;
			remoteInfo = KutahyaUlasim;
		};
/* End PBXContainerItemProxy section */

/* Begin PBXFileReference section */
		1226D9AC860B357B2881A062 /* Pods-KutahyaUlasim-KutahyaUlasimUITests.release.xcconfig */ = {isa = PBXFileReference; includeInIndex = 1; lastKnownFileType = text.xcconfig; name = "Pods-KutahyaUlasim-KutahyaUlasimUITests.release.xcconfig"; path = "Target Support Files/Pods-KutahyaUlasim-KutahyaUlasimUITests/Pods-KutahyaUlasim-KutahyaUlasimUITests.release.xcconfig"; sourceTree = "<group>"; };
		76CCFAA270261DB74459E254 /* Pods_KutahyaUlasim.framework */ = {isa = PBXFileReference; explicitFileType = wrapper.framework; includeInIndex = 0; path = Pods_KutahyaUlasim.framework; sourceTree = BUILT_PRODUCTS_DIR; };
		A1FF10AF2DDC3F3E480F8580 /* Pods-KutahyaUlasimTests.release.xcconfig */ = {isa = PBXFileReference; includeInIndex = 1; lastKnownFileType = text.xcconfig; name = "Pods-KutahyaUlasimTests.release.xcconfig"; path = "Target Support Files/Pods-KutahyaUlasimTests/Pods-KutahyaUlasimTests.release.xcconfig"; sourceTree = "<group>"; };
		B801D4BBBC88C8BD6569F071 /* Pods_KutahyaUlasimTests.framework */ = {isa = PBXFileReference; explicitFileType = wrapper.framework; includeInIndex = 0; path = Pods_KutahyaUlasimTests.framework; sourceTree = BUILT_PRODUCTS_DIR; };
		CF73517122BAB400DB8DB3D7 /* Pods-KutahyaUlasimTests.debug.xcconfig */ = {isa = PBXFileReference; includeInIndex = 1; lastKnownFileType = text.xcconfig; name = "Pods-KutahyaUlasimTests.debug.xcconfig"; path = "Target Support Files/Pods-KutahyaUlasimTests/Pods-KutahyaUlasimTests.debug.xcconfig"; sourceTree = "<group>"; };
		D0853CEF2A7B6F4A2A0B0B80 /* Pods-KutahyaUlasim.release.xcconfig */ = {isa = PBXFileReference; includeInIndex = 1; lastKnownFileType = text.xcconfig; name = "Pods-KutahyaUlasim.release.xcconfig"; path = "Target Support Files/Pods-KutahyaUlasim/Pods-KutahyaUlasim.release.xcconfig"; sourceTree = "<group>"; };
		D0E379572C24EDFF151CA4D5 /* Pods-KutahyaUlasim.debug.xcconfig */ = {isa = PBXFileReference; includeInIndex = 1; lastKnownFileType = text.xcconfig; name = "Pods-KutahyaUlasim.debug.xcconfig"; path = "Target Support Files/Pods-KutahyaUlasim/Pods-KutahyaUlasim.debug.xcconfig"; sourceTree = "<group>"; };
		ED6C90D1E233BAB0C17EA360 /* Pods_KutahyaUlasim_KutahyaUlasimUITests.framework */ = {isa = PBXFileReference; explicitFileType = wrapper.framework; includeInIndex = 0; path = Pods_KutahyaUlasim_KutahyaUlasimUITests.framework; sourceTree = BUILT_PRODUCTS_DIR; };
		F26BAADA67B8FFFC2ACF374A /* Pods-KutahyaUlasim-KutahyaUlasimUITests.debug.xcconfig */ = {isa = PBXFileReference; includeInIndex = 1; lastKnownFileType = text.xcconfig; name = "Pods-KutahyaUlasim-KutahyaUlasimUITests.debug.xcconfig"; path = "Target Support Files/Pods-KutahyaUlasim-KutahyaUlasimUITests/Pods-KutahyaUlasim-KutahyaUlasimUITests.debug.xcconfig"; sourceTree = "<group>"; };
		F80020FA247D4296001AA938 /* MapKit.framework */ = {isa = PBXFileReference; lastKnownFileType = wrapper.framework; name = MapKit.framework; path = System/Library/Frameworks/MapKit.framework; sourceTree = SDKROOT; };
		F847103D247EDB440075E239 /* ring.kml */ = {isa = PBXFileReference; fileEncoding = 4; lastKnownFileType = text.xml; path = ring.kml; sourceTree = "<group>"; };
		F86A4FD8246AB656006423F3 /* KutahyaUlasim.app */ = {isa = PBXFileReference; explicitFileType = wrapper.application; includeInIndex = 0; path = KutahyaUlasim.app; sourceTree = BUILT_PRODUCTS_DIR; };
		F86A4FDB246AB656006423F3 /* AppDelegate.swift */ = {isa = PBXFileReference; lastKnownFileType = sourcecode.swift; path = AppDelegate.swift; sourceTree = "<group>"; };
		F86A4FDD246AB656006423F3 /* SceneDelegate.swift */ = {isa = PBXFileReference; lastKnownFileType = sourcecode.swift; path = SceneDelegate.swift; sourceTree = "<group>"; };
		F86A4FDF246AB656006423F3 /* ViewController.swift */ = {isa = PBXFileReference; lastKnownFileType = sourcecode.swift; path = ViewController.swift; sourceTree = "<group>"; };
		F86A4FE2246AB656006423F3 /* Base */ = {isa = PBXFileReference; lastKnownFileType = file.storyboard; name = Base; path = Base.lproj/Main.storyboard; sourceTree = "<group>"; };
		F86A4FE4246AB658006423F3 /* Assets.xcassets */ = {isa = PBXFileReference; lastKnownFileType = folder.assetcatalog; path = Assets.xcassets; sourceTree = "<group>"; };
		F86A4FE7246AB658006423F3 /* Base */ = {isa = PBXFileReference; lastKnownFileType = file.storyboard; name = Base; path = Base.lproj/LaunchScreen.storyboard; sourceTree = "<group>"; };
		F86A4FE9246AB658006423F3 /* Info.plist */ = {isa = PBXFileReference; lastKnownFileType = text.plist.xml; path = Info.plist; sourceTree = "<group>"; };
		F86A4FEE246AB659006423F3 /* KutahyaUlasimTests.xctest */ = {isa = PBXFileReference; explicitFileType = wrapper.cfbundle; includeInIndex = 0; path = KutahyaUlasimTests.xctest; sourceTree = BUILT_PRODUCTS_DIR; };
		F86A4FF9246AB659006423F3 /* KutahyaUlasimUITests.xctest */ = {isa = PBXFileReference; explicitFileType = wrapper.cfbundle; includeInIndex = 0; path = KutahyaUlasimUITests.xctest; sourceTree = BUILT_PRODUCTS_DIR; };
		F86A500C246ABEC3006423F3 /* SwiftSoup-2.3.2.zip */ = {isa = PBXFileReference; lastKnownFileType = archive.zip; name = "SwiftSoup-2.3.2.zip"; path = "../../Downloads/SwiftSoup-2.3.2.zip"; sourceTree = "<group>"; };
		F86A500D246ABED7006423F3 /* SwiftSoup-2.3.2 */ = {isa = PBXFileReference; lastKnownFileType = folder; name = "SwiftSoup-2.3.2"; path = "../../Downloads/SwiftSoup-2.3.2"; sourceTree = "<group>"; };
		F86A5013246AF223006423F3 /* UlasimData.swift */ = {isa = PBXFileReference; lastKnownFileType = sourcecode.swift; path = UlasimData.swift; sourceTree = "<group>"; };
		F8E57732247FC7730053203A /* DarkMapStyle.json */ = {isa = PBXFileReference; lastKnownFileType = text.json; path = DarkMapStyle.json; sourceTree = "<group>"; };
		F8E57734247FD4FF0053203A /* NightMapStyle.json */ = {isa = PBXFileReference; lastKnownFileType = text.json; path = NightMapStyle.json; sourceTree = "<group>"; };
		F8E57736247FD5390053203A /* RetroMapStyle.json */ = {isa = PBXFileReference; lastKnownFileType = text.json; path = RetroMapStyle.json; sourceTree = "<group>"; };
		F8E57738247FD5730053203A /* SilverMapStyle.json */ = {isa = PBXFileReference; lastKnownFileType = text.json; path = SilverMapStyle.json; sourceTree = "<group>"; };
		F8E5773A247FD59F0053203A /* AubergineMapStyle.json */ = {isa = PBXFileReference; lastKnownFileType = text.json; path = AubergineMapStyle.json; sourceTree = "<group>"; };
		F8E5773E247FE3920053203A /* StandartMapStyle.json */ = {isa = PBXFileReference; lastKnownFileType = text.json; path = StandartMapStyle.json; sourceTree = "<group>"; };
/* End PBXFileReference section */

/* Begin PBXFrameworksBuildPhase section */
		F86A4FD5246AB656006423F3 /* Frameworks */ = {
			isa = PBXFrameworksBuildPhase;
			buildActionMask = 2147483647;
			files = (
				F86A5012246AC6F6006423F3 /* SwiftSoup in Frameworks */,
				01C1B3C576A319A48C83259E /* Pods_KutahyaUlasim.framework in Frameworks */,
			);
			runOnlyForDeploymentPostprocessing = 0;
		};
		F86A4FEB246AB659006423F3 /* Frameworks */ = {
			isa = PBXFrameworksBuildPhase;
			buildActionMask = 2147483647;
			files = (
				B247724D04D12C46659214AA /* Pods_KutahyaUlasimTests.framework in Frameworks */,
			);
			runOnlyForDeploymentPostprocessing = 0;
		};
		F86A4FF6246AB659006423F3 /* Frameworks */ = {
			isa = PBXFrameworksBuildPhase;
			buildActionMask = 2147483647;
			files = (
				CC605AAE9011AA4AC6BD708D /* Pods_KutahyaUlasim_KutahyaUlasimUITests.framework in Frameworks */,
			);
			runOnlyForDeploymentPostprocessing = 0;
		};
/* End PBXFrameworksBuildPhase section */

/* Begin PBXGroup section */
		D6E59490D9BE45E694188473 /* Pods */ = {
			isa = PBXGroup;
			children = (
				D0E379572C24EDFF151CA4D5 /* Pods-KutahyaUlasim.debug.xcconfig */,
				D0853CEF2A7B6F4A2A0B0B80 /* Pods-KutahyaUlasim.release.xcconfig */,
				F26BAADA67B8FFFC2ACF374A /* Pods-KutahyaUlasim-KutahyaUlasimUITests.debug.xcconfig */,
				1226D9AC860B357B2881A062 /* Pods-KutahyaUlasim-KutahyaUlasimUITests.release.xcconfig */,
				CF73517122BAB400DB8DB3D7 /* Pods-KutahyaUlasimTests.debug.xcconfig */,
				A1FF10AF2DDC3F3E480F8580 /* Pods-KutahyaUlasimTests.release.xcconfig */,
			);
			path = Pods;
			sourceTree = "<group>";
		};
		F86A4FCF246AB656006423F3 = {
			isa = PBXGroup;
			children = (
				F86A4FDA246AB656006423F3 /* KutahyaUlasim */,
				F86A4FD9246AB656006423F3 /* Products */,
				F86A500B246ABEC2006423F3 /* Frameworks */,
				D6E59490D9BE45E694188473 /* Pods */,
			);
			sourceTree = "<group>";
		};
		F86A4FD9246AB656006423F3 /* Products */ = {
			isa = PBXGroup;
			children = (
				F86A4FD8246AB656006423F3 /* KutahyaUlasim.app */,
				F86A4FEE246AB659006423F3 /* KutahyaUlasimTests.xctest */,
				F86A4FF9246AB659006423F3 /* KutahyaUlasimUITests.xctest */,
			);
			name = Products;
			sourceTree = "<group>";
		};
		F86A4FDA246AB656006423F3 /* KutahyaUlasim */ = {
			isa = PBXGroup;
			children = (
				F8E5773D247FD5E90053203A /* Resources */,
				F8E5773C247FD5AF0053203A /* MapStyles */,
				F86A4FDB246AB656006423F3 /* AppDelegate.swift */,
				F86A4FDD246AB656006423F3 /* SceneDelegate.swift */,
				F86A4FDF246AB656006423F3 /* ViewController.swift */,
				F86A4FE9246AB658006423F3 /* Info.plist */,
				F86A5013246AF223006423F3 /* UlasimData.swift */,
				F847103D247EDB440075E239 /* ring.kml */,
			);
			path = KutahyaUlasim;
			sourceTree = "<group>";
		};
		F86A500B246ABEC2006423F3 /* Frameworks */ = {
			isa = PBXGroup;
			children = (
				F80020FA247D4296001AA938 /* MapKit.framework */,
				F86A500D246ABED7006423F3 /* SwiftSoup-2.3.2 */,
				F86A500C246ABEC3006423F3 /* SwiftSoup-2.3.2.zip */,
				76CCFAA270261DB74459E254 /* Pods_KutahyaUlasim.framework */,
				ED6C90D1E233BAB0C17EA360 /* Pods_KutahyaUlasim_KutahyaUlasimUITests.framework */,
				B801D4BBBC88C8BD6569F071 /* Pods_KutahyaUlasimTests.framework */,
			);
			name = Frameworks;
			sourceTree = "<group>";
		};
		F8E5773C247FD5AF0053203A /* MapStyles */ = {
			isa = PBXGroup;
			children = (
				F8E57732247FC7730053203A /* DarkMapStyle.json */,
				F8E57734247FD4FF0053203A /* NightMapStyle.json */,
				F8E57736247FD5390053203A /* RetroMapStyle.json */,
				F8E57738247FD5730053203A /* SilverMapStyle.json */,
				F8E5773A247FD59F0053203A /* AubergineMapStyle.json */,
				F8E5773E247FE3920053203A /* StandartMapStyle.json */,
			);
			path = MapStyles;
			sourceTree = "<group>";
		};
		F8E5773D247FD5E90053203A /* Resources */ = {
			isa = PBXGroup;
			children = (
				F86A4FE4246AB658006423F3 /* Assets.xcassets */,
				F86A4FE1246AB656006423F3 /* Main.storyboard */,
				F86A4FE6246AB658006423F3 /* LaunchScreen.storyboard */,
			);
			path = Resources;
			sourceTree = "<group>";
		};
/* End PBXGroup section */

/* Begin PBXNativeTarget section */
		F86A4FD7246AB656006423F3 /* KutahyaUlasim */ = {
			isa = PBXNativeTarget;
			buildConfigurationList = F86A5002246AB659006423F3 /* Build configuration list for PBXNativeTarget "KutahyaUlasim" */;
			buildPhases = (
				CB13A5E59BC9CADA0FBD08E2 /* [CP] Check Pods Manifest.lock */,
				F86A4FD4246AB656006423F3 /* Sources */,
				F86A4FD5246AB656006423F3 /* Frameworks */,
				F86A4FD6246AB656006423F3 /* Resources */,
				7217765BBF4017CD57D5C425 /* [CP] Copy Pods Resources */,
			);
			buildRules = (
			);
			dependencies = (
			);
			name = KutahyaUlasim;
			packageProductDependencies = (
				F86A5011246AC6F6006423F3 /* SwiftSoup */,
			);
			productName = KutahyaUlasim;
			productReference = F86A4FD8246AB656006423F3 /* KutahyaUlasim.app */;
			productType = "com.apple.product-type.application";
		};
		F86A4FED246AB659006423F3 /* KutahyaUlasimTests */ = {
			isa = PBXNativeTarget;
			buildConfigurationList = F86A5005246AB659006423F3 /* Build configuration list for PBXNativeTarget "KutahyaUlasimTests" */;
			buildPhases = (
				F739C80A8B33CA04D7952FD6 /* [CP] Check Pods Manifest.lock */,
				F86A4FEA246AB659006423F3 /* Sources */,
				F86A4FEB246AB659006423F3 /* Frameworks */,
				F86A4FEC246AB659006423F3 /* Resources */,
			);
			buildRules = (
			);
			dependencies = (
				F86A4FF0246AB659006423F3 /* PBXTargetDependency */,
			);
			name = KutahyaUlasimTests;
			productName = KutahyaUlasimTests;
			productReference = F86A4FEE246AB659006423F3 /* KutahyaUlasimTests.xctest */;
			productType = "com.apple.product-type.bundle.unit-test";
		};
		F86A4FF8246AB659006423F3 /* KutahyaUlasimUITests */ = {
			isa = PBXNativeTarget;
			buildConfigurationList = F86A5008246AB659006423F3 /* Build configuration list for PBXNativeTarget "KutahyaUlasimUITests" */;
			buildPhases = (
				1920DE930CB5E2F99E891238 /* [CP] Check Pods Manifest.lock */,
				F86A4FF5246AB659006423F3 /* Sources */,
				F86A4FF6246AB659006423F3 /* Frameworks */,
				F86A4FF7246AB659006423F3 /* Resources */,
				BD8BB9ACC43DD4CC2D229786 /* [CP] Copy Pods Resources */,
			);
			buildRules = (
			);
			dependencies = (
				F86A4FFB246AB659006423F3 /* PBXTargetDependency */,
			);
			name = KutahyaUlasimUITests;
			productName = KutahyaUlasimUITests;
			productReference = F86A4FF9246AB659006423F3 /* KutahyaUlasimUITests.xctest */;
			productType = "com.apple.product-type.bundle.ui-testing";
		};
/* End PBXNativeTarget section */

/* Begin PBXProject section */
		F86A4FD0246AB656006423F3 /* Project object */ = {
			isa = PBXProject;
			attributes = {
				LastSwiftUpdateCheck = 1140;
				LastUpgradeCheck = 1140;
				ORGANIZATIONNAME = "Berkant Beğdilili";
				TargetAttributes = {
					F86A4FD7246AB656006423F3 = {
						CreatedOnToolsVersion = 11.4.1;
					};
					F86A4FED246AB659006423F3 = {
						CreatedOnToolsVersion = 11.4.1;
						TestTargetID = F86A4FD7246AB656006423F3;
					};
					F86A4FF8246AB659006423F3 = {
						CreatedOnToolsVersion = 11.4.1;
						TestTargetID = F86A4FD7246AB656006423F3;
					};
				};
			};
			buildConfigurationList = F86A4FD3246AB656006423F3 /* Build configuration list for PBXProject "KutahyaUlasim" */;
			compatibilityVersion = "Xcode 9.3";
			developmentRegion = en;
			hasScannedForEncodings = 0;
			knownRegions = (
				en,
				Base,
			);
			mainGroup = F86A4FCF246AB656006423F3;
			packageReferences = (
				F86A5010246AC6F6006423F3 /* XCRemoteSwiftPackageReference "SwiftSoup" */,
			);
			productRefGroup = F86A4FD9246AB656006423F3 /* Products */;
			projectDirPath = "";
			projectRoot = "";
			targets = (
				F86A4FD7246AB656006423F3 /* KutahyaUlasim */,
				F86A4FED246AB659006423F3 /* KutahyaUlasimTests */,
				F86A4FF8246AB659006423F3 /* KutahyaUlasimUITests */,
			);
		};
/* End PBXProject section */

/* Begin PBXResourcesBuildPhase section */
		F86A4FD6246AB656006423F3 /* Resources */ = {
			isa = PBXResourcesBuildPhase;
			buildActionMask = 2147483647;
			files = (
				F847103E247EDB440075E239 /* ring.kml in Resources */,
				F8E5773B247FD59F0053203A /* AubergineMapStyle.json in Resources */,
				F8E57733247FC7730053203A /* DarkMapStyle.json in Resources */,
				F8E57739247FD5730053203A /* SilverMapStyle.json in Resources */,
				F86A4FE8246AB658006423F3 /* LaunchScreen.storyboard in Resources */,
				F86A4FE5246AB658006423F3 /* Assets.xcassets in Resources */,
				F8E57737247FD5390053203A /* RetroMapStyle.json in Resources */,
				F8E5773F247FE3920053203A /* StandartMapStyle.json in Resources */,
				F8E57735247FD4FF0053203A /* NightMapStyle.json in Resources */,
				F86A4FE3246AB656006423F3 /* Main.storyboard in Resources */,
			);
			runOnlyForDeploymentPostprocessing = 0;
		};
		F86A4FEC246AB659006423F3 /* Resources */ = {
			isa = PBXResourcesBuildPhase;
			buildActionMask = 2147483647;
			files = (
			);
			runOnlyForDeploymentPostprocessing = 0;
		};
		F86A4FF7246AB659006423F3 /* Resources */ = {
			isa = PBXResourcesBuildPhase;
			buildActionMask = 2147483647;
			files = (
			);
			runOnlyForDeploymentPostprocessing = 0;
		};
/* End PBXResourcesBuildPhase section */

/* Begin PBXShellScriptBuildPhase section */
		1920DE930CB5E2F99E891238 /* [CP] Check Pods Manifest.lock */ = {
			isa = PBXShellScriptBuildPhase;
			buildActionMask = 2147483647;
			files = (
			);
			inputFileListPaths = (
			);
			inputPaths = (
				"${PODS_PODFILE_DIR_PATH}/Podfile.lock",
				"${PODS_ROOT}/Manifest.lock",
			);
			name = "[CP] Check Pods Manifest.lock";
			outputFileListPaths = (
			);
			outputPaths = (
				"$(DERIVED_FILE_DIR)/Pods-KutahyaUlasim-KutahyaUlasimUITests-checkManifestLockResult.txt",
			);
			runOnlyForDeploymentPostprocessing = 0;
			shellPath = /bin/sh;
			shellScript = "diff \"${PODS_PODFILE_DIR_PATH}/Podfile.lock\" \"${PODS_ROOT}/Manifest.lock\" > /dev/null\nif [ $? != 0 ] ; then\n    # print error to STDERR\n    echo \"error: The sandbox is not in sync with the Podfile.lock. Run 'pod install' or update your CocoaPods installation.\" >&2\n    exit 1\nfi\n# This output is used by Xcode 'outputs' to avoid re-running this script phase.\necho \"SUCCESS\" > \"${SCRIPT_OUTPUT_FILE_0}\"\n";
			showEnvVarsInLog = 0;
		};
		7217765BBF4017CD57D5C425 /* [CP] Copy Pods Resources */ = {
			isa = PBXShellScriptBuildPhase;
			buildActionMask = 2147483647;
			files = (
			);
			inputFileListPaths = (
				"${PODS_ROOT}/Target Support Files/Pods-KutahyaUlasim/Pods-KutahyaUlasim-resources-${CONFIGURATION}-input-files.xcfilelist",
			);
			name = "[CP] Copy Pods Resources";
			outputFileListPaths = (
				"${PODS_ROOT}/Target Support Files/Pods-KutahyaUlasim/Pods-KutahyaUlasim-resources-${CONFIGURATION}-output-files.xcfilelist",
			);
			runOnlyForDeploymentPostprocessing = 0;
			shellPath = /bin/sh;
			shellScript = "\"${PODS_ROOT}/Target Support Files/Pods-KutahyaUlasim/Pods-KutahyaUlasim-resources.sh\"\n";
			showEnvVarsInLog = 0;
		};
		BD8BB9ACC43DD4CC2D229786 /* [CP] Copy Pods Resources */ = {
			isa = PBXShellScriptBuildPhase;
			buildActionMask = 2147483647;
			files = (
			);
			inputFileListPaths = (
				"${PODS_ROOT}/Target Support Files/Pods-KutahyaUlasim-KutahyaUlasimUITests/Pods-KutahyaUlasim-KutahyaUlasimUITests-resources-${CONFIGURATION}-input-files.xcfilelist",
			);
			name = "[CP] Copy Pods Resources";
			outputFileListPaths = (
				"${PODS_ROOT}/Target Support Files/Pods-KutahyaUlasim-KutahyaUlasimUITests/Pods-KutahyaUlasim-KutahyaUlasimUITests-resources-${CONFIGURATION}-output-files.xcfilelist",
			);
			runOnlyForDeploymentPostprocessing = 0;
			shellPath = /bin/sh;
			shellScript = "\"${PODS_ROOT}/Target Support Files/Pods-KutahyaUlasim-KutahyaUlasimUITests/Pods-KutahyaUlasim-KutahyaUlasimUITests-resources.sh\"\n";
			showEnvVarsInLog = 0;
		};
		CB13A5E59BC9CADA0FBD08E2 /* [CP] Check Pods Manifest.lock */ = {
			isa = PBXShellScriptBuildPhase;
			buildActionMask = 2147483647;
			files = (
			);
			inputFileListPaths = (
			);
			inputPaths = (
				"${PODS_PODFILE_DIR_PATH}/Podfile.lock",
				"${PODS_ROOT}/Manifest.lock",
			);
			name = "[CP] Check Pods Manifest.lock";
			outputFileListPaths = (
			);
			outputPaths = (
				"$(DERIVED_FILE_DIR)/Pods-KutahyaUlasim-checkManifestLockResult.txt",
			);
			runOnlyForDeploymentPostprocessing = 0;
			shellPath = /bin/sh;
			shellScript = "diff \"${PODS_PODFILE_DIR_PATH}/Podfile.lock\" \"${PODS_ROOT}/Manifest.lock\" > /dev/null\nif [ $? != 0 ] ; then\n    # print error to STDERR\n    echo \"error: The sandbox is not in sync with the Podfile.lock. Run 'pod install' or update your CocoaPods installation.\" >&2\n    exit 1\nfi\n# This output is used by Xcode 'outputs' to avoid re-running this script phase.\necho \"SUCCESS\" > \"${SCRIPT_OUTPUT_FILE_0}\"\n";
			showEnvVarsInLog = 0;
		};
		F739C80A8B33CA04D7952FD6 /* [CP] Check Pods Manifest.lock */ = {
			isa = PBXShellScriptBuildPhase;
			buildActionMask = 2147483647;
			files = (
			);
			inputFileListPaths = (
			);
			inputPaths = (
				"${PODS_PODFILE_DIR_PATH}/Podfile.lock",
				"${PODS_ROOT}/Manifest.lock",
			);
			name = "[CP] Check Pods Manifest.lock";
			outputFileListPaths = (
			);
			outputPaths = (
				"$(DERIVED_FILE_DIR)/Pods-KutahyaUlasimTests-checkManifestLockResult.txt",
			);
			runOnlyForDeploymentPostprocessing = 0;
			shellPath = /bin/sh;
			shellScript = "diff \"${PODS_PODFILE_DIR_PATH}/Podfile.lock\" \"${PODS_ROOT}/Manifest.lock\" > /dev/null\nif [ $? != 0 ] ; then\n    # print error to STDERR\n    echo \"error: The sandbox is not in sync with the Podfile.lock. Run 'pod install' or update your CocoaPods installation.\" >&2\n    exit 1\nfi\n# This output is used by Xcode 'outputs' to avoid re-running this script phase.\necho \"SUCCESS\" > \"${SCRIPT_OUTPUT_FILE_0}\"\n";
			showEnvVarsInLog = 0;
		};
/* End PBXShellScriptBuildPhase section */

/* Begin PBXSourcesBuildPhase section */
		F86A4FD4246AB656006423F3 /* Sources */ = {
			isa = PBXSourcesBuildPhase;
			buildActionMask = 2147483647;
			files = (
				F86A5014246AF223006423F3 /* UlasimData.swift in Sources */,
				F86A4FE0246AB656006423F3 /* ViewController.swift in Sources */,
				F86A4FDC246AB656006423F3 /* AppDelegate.swift in Sources */,
				F86A4FDE246AB656006423F3 /* SceneDelegate.swift in Sources */,
			);
			runOnlyForDeploymentPostprocessing = 0;
		};
		F86A4FEA246AB659006423F3 /* Sources */ = {
			isa = PBXSourcesBuildPhase;
			buildActionMask = 2147483647;
			files = (
			);
			runOnlyForDeploymentPostprocessing = 0;
		};
		F86A4FF5246AB659006423F3 /* Sources */ = {
			isa = PBXSourcesBuildPhase;
			buildActionMask = 2147483647;
			files = (
			);
			runOnlyForDeploymentPostprocessing = 0;
		};
/* End PBXSourcesBuildPhase section */

/* Begin PBXTargetDependency section */
		F86A4FF0246AB659006423F3 /* PBXTargetDependency */ = {
			isa = PBXTargetDependency;
			target = F86A4FD7246AB656006423F3 /* KutahyaUlasim */;
			targetProxy = F86A4FEF246AB659006423F3 /* PBXContainerItemProxy */;
		};
		F86A4FFB246AB659006423F3 /* PBXTargetDependency */ = {
			isa = PBXTargetDependency;
			target = F86A4FD7246AB656006423F3 /* KutahyaUlasim */;
			targetProxy = F86A4FFA246AB659006423F3 /* PBXContainerItemProxy */;
		};
/* End PBXTargetDependency section */

/* Begin PBXVariantGroup section */
		F86A4FE1246AB656006423F3 /* Main.storyboard */ = {
			isa = PBXVariantGroup;
			children = (
				F86A4FE2246AB656006423F3 /* Base */,
			);
			name = Main.storyboard;
			sourceTree = "<group>";
		};
		F86A4FE6246AB658006423F3 /* LaunchScreen.storyboard */ = {
			isa = PBXVariantGroup;
			children = (
				F86A4FE7246AB658006423F3 /* Base */,
			);
			name = LaunchScreen.storyboard;
			sourceTree = "<group>";
		};
/* End PBXVariantGroup section */

/* Begin XCBuildConfiguration section */
		F86A5000246AB659006423F3 /* Debug */ = {
			isa = XCBuildConfiguration;
			buildSettings = {
				ALWAYS_SEARCH_USER_PATHS = NO;
				CLANG_ANALYZER_NONNULL = YES;
				CLANG_ANALYZER_NUMBER_OBJECT_CONVERSION = YES_AGGRESSIVE;
				CLANG_CXX_LANGUAGE_STANDARD = "gnu++14";
				CLANG_CXX_LIBRARY = "libc++";
				CLANG_ENABLE_MODULES = YES;
				CLANG_ENABLE_OBJC_ARC = YES;
				CLANG_ENABLE_OBJC_WEAK = YES;
				CLANG_WARN_BLOCK_CAPTURE_AUTORELEASING = YES;
				CLANG_WARN_BOOL_CONVERSION = YES;
				CLANG_WARN_COMMA = YES;
				CLANG_WARN_CONSTANT_CONVERSION = YES;
				CLANG_WARN_DEPRECATED_OBJC_IMPLEMENTATIONS = YES;
				CLANG_WARN_DIRECT_OBJC_ISA_USAGE = YES_ERROR;
				CLANG_WARN_DOCUMENTATION_COMMENTS = YES;
				CLANG_WARN_EMPTY_BODY = YES;
				CLANG_WARN_ENUM_CONVERSION = YES;
				CLANG_WARN_INFINITE_RECURSION = YES;
				CLANG_WARN_INT_CONVERSION = YES;
				CLANG_WARN_NON_LITERAL_NULL_CONVERSION = YES;
				CLANG_WARN_OBJC_IMPLICIT_RETAIN_SELF = YES;
				CLANG_WARN_OBJC_LITERAL_CONVERSION = YES;
				CLANG_WARN_OBJC_ROOT_CLASS = YES_ERROR;
				CLANG_WARN_RANGE_LOOP_ANALYSIS = YES;
				CLANG_WARN_STRICT_PROTOTYPES = YES;
				CLANG_WARN_SUSPICIOUS_MOVE = YES;
				CLANG_WARN_UNGUARDED_AVAILABILITY = YES_AGGRESSIVE;
				CLANG_WARN_UNREACHABLE_CODE = YES;
				CLANG_WARN__DUPLICATE_METHOD_MATCH = YES;
				COPY_PHASE_STRIP = NO;
				DEBUG_INFORMATION_FORMAT = dwarf;
				ENABLE_STRICT_OBJC_MSGSEND = YES;
				ENABLE_TESTABILITY = YES;
				GCC_C_LANGUAGE_STANDARD = gnu11;
				GCC_DYNAMIC_NO_PIC = NO;
				GCC_NO_COMMON_BLOCKS = YES;
				GCC_OPTIMIZATION_LEVEL = 0;
				GCC_PREPROCESSOR_DEFINITIONS = (
					"DEBUG=1",
					"$(inherited)",
				);
				GCC_WARN_64_TO_32_BIT_CONVERSION = YES;
				GCC_WARN_ABOUT_RETURN_TYPE = YES_ERROR;
				GCC_WARN_UNDECLARED_SELECTOR = YES;
				GCC_WARN_UNINITIALIZED_AUTOS = YES_AGGRESSIVE;
				GCC_WARN_UNUSED_FUNCTION = YES;
				GCC_WARN_UNUSED_VARIABLE = YES;
				IPHONEOS_DEPLOYMENT_TARGET = 13.4;
				MTL_ENABLE_DEBUG_INFO = INCLUDE_SOURCE;
				MTL_FAST_MATH = YES;
				ONLY_ACTIVE_ARCH = YES;
				SDKROOT = iphoneos;
				SWIFT_ACTIVE_COMPILATION_CONDITIONS = DEBUG;
				SWIFT_OPTIMIZATION_LEVEL = "-Onone";
			};
			name = Debug;
		};
		F86A5001246AB659006423F3 /* Release */ = {
			isa = XCBuildConfiguration;
			buildSettings = {
				ALWAYS_SEARCH_USER_PATHS = NO;
				CLANG_ANALYZER_NONNULL = YES;
				CLANG_ANALYZER_NUMBER_OBJECT_CONVERSION = YES_AGGRESSIVE;
				CLANG_CXX_LANGUAGE_STANDARD = "gnu++14";
				CLANG_CXX_LIBRARY = "libc++";
				CLANG_ENABLE_MODULES = YES;
				CLANG_ENABLE_OBJC_ARC = YES;
				CLANG_ENABLE_OBJC_WEAK = YES;
				CLANG_WARN_BLOCK_CAPTURE_AUTORELEASING = YES;
				CLANG_WARN_BOOL_CONVERSION = YES;
				CLANG_WARN_COMMA = YES;
				CLANG_WARN_CONSTANT_CONVERSION = YES;
				CLANG_WARN_DEPRECATED_OBJC_IMPLEMENTATIONS = YES;
				CLANG_WARN_DIRECT_OBJC_ISA_USAGE = YES_ERROR;
				CLANG_WARN_DOCUMENTATION_COMMENTS = YES;
				CLANG_WARN_EMPTY_BODY = YES;
				CLANG_WARN_ENUM_CONVERSION = YES;
				CLANG_WARN_INFINITE_RECURSION = YES;
				CLANG_WARN_INT_CONVERSION = YES;
				CLANG_WARN_NON_LITERAL_NULL_CONVERSION = YES;
				CLANG_WARN_OBJC_IMPLICIT_RETAIN_SELF = YES;
				CLANG_WARN_OBJC_LITERAL_CONVERSION = YES;
				CLANG_WARN_OBJC_ROOT_CLASS = YES_ERROR;
				CLANG_WARN_RANGE_LOOP_ANALYSIS = YES;
				CLANG_WARN_STRICT_PROTOTYPES = YES;
				CLANG_WARN_SUSPICIOUS_MOVE = YES;
				CLANG_WARN_UNGUARDED_AVAILABILITY = YES_AGGRESSIVE;
				CLANG_WARN_UNREACHABLE_CODE = YES;
				CLANG_WARN__DUPLICATE_METHOD_MATCH = YES;
				COPY_PHASE_STRIP = NO;
				DEBUG_INFORMATION_FORMAT = "dwarf-with-dsym";
				ENABLE_NS_ASSERTIONS = NO;
				ENABLE_STRICT_OBJC_MSGSEND = YES;
				GCC_C_LANGUAGE_STANDARD = gnu11;
				GCC_NO_COMMON_BLOCKS = YES;
				GCC_WARN_64_TO_32_BIT_CONVERSION = YES;
				GCC_WARN_ABOUT_RETURN_TYPE = YES_ERROR;
				GCC_WARN_UNDECLARED_SELECTOR = YES;
				GCC_WARN_UNINITIALIZED_AUTOS = YES_AGGRESSIVE;
				GCC_WARN_UNUSED_FUNCTION = YES;
				GCC_WARN_UNUSED_VARIABLE = YES;
				IPHONEOS_DEPLOYMENT_TARGET = 13.4;
				MTL_ENABLE_DEBUG_INFO = NO;
				MTL_FAST_MATH = YES;
				SDKROOT = iphoneos;
				SWIFT_COMPILATION_MODE = wholemodule;
				SWIFT_OPTIMIZATION_LEVEL = "-O";
				VALIDATE_PRODUCT = YES;
			};
			name = Release;
		};
		F86A5003246AB659006423F3 /* Debug */ = {
			isa = XCBuildConfiguration;
			baseConfigurationReference = D0E379572C24EDFF151CA4D5 /* Pods-KutahyaUlasim.debug.xcconfig */;
			buildSettings = {
				ASSETCATALOG_COMPILER_APPICON_NAME = AppIcon;
				CODE_SIGN_STYLE = Automatic;
				DEVELOPMENT_TEAM = 2BH44AM79Q;
				INFOPLIST_FILE = KutahyaUlasim/Info.plist;
				LD_RUNPATH_SEARCH_PATHS = (
					"$(inherited)",
					"@executable_path/Frameworks",
				);
				PRODUCT_BUNDLE_IDENTIFIER = com.berkantbegdilili.KutahyaUlasim;
				PRODUCT_NAME = "$(TARGET_NAME)";
				SWIFT_VERSION = 5.0;
				TARGETED_DEVICE_FAMILY = "1,2";
			};
			name = Debug;
		};
		F86A5004246AB659006423F3 /* Release */ = {
			isa = XCBuildConfiguration;
			baseConfigurationReference = D0853CEF2A7B6F4A2A0B0B80 /* Pods-KutahyaUlasim.release.xcconfig */;
			buildSettings = {
				ASSETCATALOG_COMPILER_APPICON_NAME = AppIcon;
				CODE_SIGN_STYLE = Automatic;
				DEVELOPMENT_TEAM = 2BH44AM79Q;
				INFOPLIST_FILE = KutahyaUlasim/Info.plist;
				LD_RUNPATH_SEARCH_PATHS = (
					"$(inherited)",
					"@executable_path/Frameworks",
				);
				PRODUCT_BUNDLE_IDENTIFIER = com.berkantbegdilili.KutahyaUlasim;
				PRODUCT_NAME = "$(TARGET_NAME)";
				SWIFT_VERSION = 5.0;
				TARGETED_DEVICE_FAMILY = "1,2";
			};
			name = Release;
		};
		F86A5006246AB659006423F3 /* Debug */ = {
			isa = XCBuildConfiguration;
			baseConfigurationReference = CF73517122BAB400DB8DB3D7 /* Pods-KutahyaUlasimTests.debug.xcconfig */;
			buildSettings = {
				ALWAYS_EMBED_SWIFT_STANDARD_LIBRARIES = YES;
				BUNDLE_LOADER = "$(TEST_HOST)";
				CODE_SIGN_STYLE = Automatic;
				DEVELOPMENT_TEAM = 2BH44AM79Q;
				INFOPLIST_FILE = KutahyaUlasimTests/Info.plist;
				IPHONEOS_DEPLOYMENT_TARGET = 13.4;
				LD_RUNPATH_SEARCH_PATHS = (
					"$(inherited)",
					"@executable_path/Frameworks",
					"@loader_path/Frameworks",
				);
				PRODUCT_BUNDLE_IDENTIFIER = com.berkantbegdilili.KutahyaUlasimTests;
				PRODUCT_NAME = "$(TARGET_NAME)";
				SWIFT_VERSION = 5.0;
				TARGETED_DEVICE_FAMILY = "1,2";
				TEST_HOST = "$(BUILT_PRODUCTS_DIR)/KutahyaUlasim.app/KutahyaUlasim";
			};
			name = Debug;
		};
		F86A5007246AB659006423F3 /* Release */ = {
			isa = XCBuildConfiguration;
			baseConfigurationReference = A1FF10AF2DDC3F3E480F8580 /* Pods-KutahyaUlasimTests.release.xcconfig */;
			buildSettings = {
				ALWAYS_EMBED_SWIFT_STANDARD_LIBRARIES = YES;
				BUNDLE_LOADER = "$(TEST_HOST)";
				CODE_SIGN_STYLE = Automatic;
				DEVELOPMENT_TEAM = 2BH44AM79Q;
				INFOPLIST_FILE = KutahyaUlasimTests/Info.plist;
				IPHONEOS_DEPLOYMENT_TARGET = 13.4;
				LD_RUNPATH_SEARCH_PATHS = (
					"$(inherited)",
					"@executable_path/Frameworks",
					"@loader_path/Frameworks",
				);
				PRODUCT_BUNDLE_IDENTIFIER = com.berkantbegdilili.KutahyaUlasimTests;
				PRODUCT_NAME = "$(TARGET_NAME)";
				SWIFT_VERSION = 5.0;
				TARGETED_DEVICE_FAMILY = "1,2";
				TEST_HOST = "$(BUILT_PRODUCTS_DIR)/KutahyaUlasim.app/KutahyaUlasim";
			};
			name = Release;
		};
		F86A5009246AB659006423F3 /* Debug */ = {
			isa = XCBuildConfiguration;
			baseConfigurationReference = F26BAADA67B8FFFC2ACF374A /* Pods-KutahyaUlasim-KutahyaUlasimUITests.debug.xcconfig */;
			buildSettings = {
				ALWAYS_EMBED_SWIFT_STANDARD_LIBRARIES = YES;
				CODE_SIGN_STYLE = Automatic;
				DEVELOPMENT_TEAM = 2BH44AM79Q;
				INFOPLIST_FILE = KutahyaUlasimUITests/Info.plist;
				LD_RUNPATH_SEARCH_PATHS = (
					"$(inherited)",
					"@executable_path/Frameworks",
					"@loader_path/Frameworks",
				);
				PRODUCT_BUNDLE_IDENTIFIER = com.berkantbegdilili.KutahyaUlasimUITests;
				PRODUCT_NAME = "$(TARGET_NAME)";
				SWIFT_VERSION = 5.0;
				TARGETED_DEVICE_FAMILY = "1,2";
				TEST_TARGET_NAME = KutahyaUlasim;
			};
			name = Debug;
		};
		F86A500A246AB659006423F3 /* Release */ = {
			isa = XCBuildConfiguration;
			baseConfigurationReference = 1226D9AC860B357B2881A062 /* Pods-KutahyaUlasim-KutahyaUlasimUITests.release.xcconfig */;
			buildSettings = {
				ALWAYS_EMBED_SWIFT_STANDARD_LIBRARIES = YES;
				CODE_SIGN_STYLE = Automatic;
				DEVELOPMENT_TEAM = 2BH44AM79Q;
				INFOPLIST_FILE = KutahyaUlasimUITests/Info.plist;
				LD_RUNPATH_SEARCH_PATHS = (
					"$(inherited)",
					"@executable_path/Frameworks",
					"@loader_path/Frameworks",
				);
				PRODUCT_BUNDLE_IDENTIFIER = com.berkantbegdilili.KutahyaUlasimUITests;
				PRODUCT_NAME = "$(TARGET_NAME)";
				SWIFT_VERSION = 5.0;
				TARGETED_DEVICE_FAMILY = "1,2";
				TEST_TARGET_NAME = KutahyaUlasim;
			};
			name = Release;
		};
/* End XCBuildConfiguration section */

/* Begin XCConfigurationList section */
		F86A4FD3246AB656006423F3 /* Build configuration list for PBXProject "KutahyaUlasim" */ = {
			isa = XCConfigurationList;
			buildConfigurations = (
				F86A5000246AB659006423F3 /* Debug */,
				F86A5001246AB659006423F3 /* Release */,
			);
			defaultConfigurationIsVisible = 0;
			defaultConfigurationName = Release;
		};
		F86A5002246AB659006423F3 /* Build configuration list for PBXNativeTarget "KutahyaUlasim" */ = {
			isa = XCConfigurationList;
			buildConfigurations = (
				F86A5003246AB659006423F3 /* Debug */,
				F86A5004246AB659006423F3 /* Release */,
			);
			defaultConfigurationIsVisible = 0;
			defaultConfigurationName = Release;
		};
		F86A5005246AB659006423F3 /* Build configuration list for PBXNativeTarget "KutahyaUlasimTests" */ = {
			isa = XCConfigurationList;
			buildConfigurations = (
				F86A5006246AB659006423F3 /* Debug */,
				F86A5007246AB659006423F3 /* Release */,
			);
			defaultConfigurationIsVisible = 0;
			defaultConfigurationName = Release;
		};
		F86A5008246AB659006423F3 /* Build configuration list for PBXNativeTarget "KutahyaUlasimUITests" */ = {
			isa = XCConfigurationList;
			buildConfigurations = (
				F86A5009246AB659006423F3 /* Debug */,
				F86A500A246AB659006423F3 /* Release */,
			);
			defaultConfigurationIsVisible = 0;
			defaultConfigurationName = Release;
		};
/* End XCConfigurationList section */

/* Begin XCRemoteSwiftPackageReference section */
		F86A5010246AC6F6006423F3 /* XCRemoteSwiftPackageReference "SwiftSoup" */ = {
			isa = XCRemoteSwiftPackageReference;
			repositoryURL = "https://github.com/scinfu/SwiftSoup.git";
			requirement = {
				kind = upToNextMajorVersion;
				minimumVersion = 2.3.2;
			};
		};
/* End XCRemoteSwiftPackageReference section */

/* Begin XCSwiftPackageProductDependency section */
		F86A5011246AC6F6006423F3 /* SwiftSoup */ = {
			isa = XCSwiftPackageProductDependency;
			package = F86A5010246AC6F6006423F3 /* XCRemoteSwiftPackageReference "SwiftSoup" */;
			productName = SwiftSoup;
		};
/* End XCSwiftPackageProductDependency section */
	};
	rootObject = F86A4FD0246AB656006423F3 /* Project object */;
}
