// !$*UTF8*$!
{
	archiveVersion = 1;
	classes = {
	};
	objectVersion = 50;
	objects = {

/* Begin PBXBuildFile section */
		F86A4FDC246AB656006423F3 /* AppDelegate.swift in Sources */ = {isa = PBXBuildFile; fileRef = F86A4FDB246AB656006423F3 /* AppDelegate.swift */; };
		F86A4FDE246AB656006423F3 /* SceneDelegate.swift in Sources */ = {isa = PBXBuildFile; fileRef = F86A4FDD246AB656006423F3 /* SceneDelegate.swift */; };
		F86A4FE0246AB656006423F3 /* ViewController.swift in Sources */ = {isa = PBXBuildFile; fileRef = F86A4FDF246AB656006423F3 /* ViewController.swift */; };
		F86A4FE3246AB656006423F3 /* Main.storyboard in Resources */ = {isa = PBXBuildFile; fileRef = F86A4FE1246AB656006423F3 /* Main.storyboard */; };
		F86A4FE5246AB658006423F3 /* Assets.xcassets in Resources */ = {isa = PBXBuildFile; fileRef = F86A4FE4246AB658006423F3 /* Assets.xcassets */; };
		F86A4FE8246AB658006423F3 /* LaunchScreen.storyboard in Resources */ = {isa = PBXBuildFile; fileRef = F86A4FE6246AB658006423F3 /* LaunchScreen.storyboard */; };
		F86A4FF3246AB659006423F3 /* KutahyaUlasimTests.swift in Sources */ = {isa = PBXBuildFile; fileRef = F86A4FF2246AB659006423F3 /* KutahyaUlasimTests.swift */; };
		F86A4FFE246AB659006423F3 /* KutahyaUlasimUITests.swift in Sources */ = {isa = PBXBuildFile; fileRef = F86A4FFD246AB659006423F3 /* KutahyaUlasimUITests.swift */; };
/* End PBXBuildFile section */

/* Begin PBXContainerItemProxy section */
		F86A4FEF246AB659006423F3 /* PBXContainerItemProxy */ = {
			isa = PBXContainerItemProxy;
			containerPortal = F86A4FD0246AB656006423F3 /* Project object */;
			proxyType = 1;
			remoteGlobalIDString = F86A4FD7246AB656006423F3;
			remoteInfo = KutahyaUlasim;
		};
		F86A4FFA246AB659006423F3 /* PBXContainerItemProxy */ = {
			isa = PBXContainerItemProxy;
			containerPortal = F86A4FD0246AB656006423F3 /* Project object */;
			proxyType = 1;
			remoteGlobalIDString = F86A4FD7246AB656006423F3;
			remoteInfo = KutahyaUlasim;
		};
/* End PBXContainerItemProxy section */

/* Begin PBXFileReference section */
		F86A4FD8246AB656006423F3 /* KutahyaUlasim.app */ = {isa = PBXFileReference; explicitFileType = wrapper.application; includeInIndex = 0; path = KutahyaUlasim.app; sourceTree = BUILT_PRODUCTS_DIR; };
		F86A4FDB246AB656006423F3 /* AppDelegate.swift */ = {isa = PBXFileReference; lastKnownFileType = sourcecode.swift; path = AppDelegate.swift; sourceTree = "<group>"; };
		F86A4FDD246AB656006423F3 /* SceneDelegate.swift */ = {isa = PBXFileReference; lastKnownFileType = sourcecode.swift; path = SceneDelegate.swift; sourceTree = "<group>"; };
		F86A4FDF246AB656006423F3 /* ViewController.swift */ = {isa = PBXFileReference; lastKnownFileType = sourcecode.swift; path = ViewController.swift; sourceTree = "<group>"; };
		F86A4FE2246AB656006423F3 /* Base */ = {isa = PBXFileReference; lastKnownFileType = file.storyboard; name = Base; path = Base.lproj/Main.storyboard; sourceTree = "<group>"; };
		F86A4FE4246AB658006423F3 /* Assets.xcassets */ = {isa = PBXFileReference; lastKnownFileType = folder.assetcatalog; path = Assets.xcassets; sourceTree = "<group>"; };
		F86A4FE7246AB658006423F3 /* Base */ = {isa = PBXFileReference; lastKnownFileType = file.storyboard; name = Base; path = Base.lproj/LaunchScreen.storyboard; sourceTree = "<group>"; };
		F86A4FE9246AB658006423F3 /* Info.plist */ = {isa = PBXFileReference; lastKnownFileType = text.plist.xml; path = Info.plist; sourceTree = "<group>"; };
		F86A4FEE246AB659006423F3 /* KutahyaUlasimTests.xctest */ = {isa = PBXFileReference; explicitFileType = wrapper.cfbundle; includeInIndex = 0; path = KutahyaUlasimTests.xctest; sourceTree = BUILT_PRODUCTS_DIR; };
		F86A4FF2246AB659006423F3 /* KutahyaUlasimTests.swift */ = {isa = PBXFileReference; lastKnownFileType = sourcecode.swift; path = KutahyaUlasimTests.swift; sourceTree = "<group>"; };
		F86A4FF4246AB659006423F3 /* Info.plist */ = {isa = PBXFileReference; lastKnownFileType = text.plist.xml; path = Info.plist; sourceTree = "<group>"; };
		F86A4FF9246AB659006423F3 /* KutahyaUlasimUITests.xctest */ = {isa = PBXFileReference; explicitFileType = wrapper.cfbundle; includeInIndex = 0; path = KutahyaUlasimUITests.xctest; sourceTree = BUILT_PRODUCTS_DIR; };
		F86A4FFD246AB659006423F3 /* KutahyaUlasimUITests.swift */ = {isa = PBXFileReference; lastKnownFileType = sourcecode.swift; path = KutahyaUlasimUITests.swift; sourceTree = "<group>"; };
		F86A4FFF246AB659006423F3 /* Info.plist */ = {isa = PBXFileReference; lastKnownFileType = text.plist.xml; path = Info.plist; sourceTree = "<group>"; };
/* End PBXFileReference section */

/* Begin PBXFrameworksBuildPhase section */
		F86A4FD5246AB656006423F3 /* Frameworks */ = {
			isa = PBXFrameworksBuildPhase;
			buildActionMask = 2147483647;
			files = (
			);
			runOnlyForDeploymentPostprocessing = 0;
		};
		F86A4FEB246AB659006423F3 /* Frameworks */ = {
			isa = PBXFrameworksBuildPhase;
			buildActionMask = 2147483647;
			files = (
			);
			runOnlyForDeploymentPostprocessing = 0;
		};
		F86A4FF6246AB659006423F3 /* Frameworks */ = {
			isa = PBXFrameworksBuildPhase;
			buildActionMask = 2147483647;
			files = (
			);
			runOnlyForDeploymentPostprocessing = 0;
		};
/* End PBXFrameworksBuildPhase section */

/* Begin PBXGroup section */
		F86A4FCF246AB656006423F3 = {
			isa = PBXGroup;
			children = (
				F86A4FDA246AB656006423F3 /* KutahyaUlasim */,
				F86A4FF1246AB659006423F3 /* KutahyaUlasimTests */,
				F86A4FFC246AB659006423F3 /* KutahyaUlasimUITests */,
				F86A4FD9246AB656006423F3 /* Products */,
			);
			sourceTree = "<group>";
		};
		F86A4FD9246AB656006423F3 /* Products */ = {
			isa = PBXGroup;
			children = (
				F86A4FD8246AB656006423F3 /* KutahyaUlasim.app */,
				F86A4FEE246AB659006423F3 /* KutahyaUlasimTests.xctest */,
				F86A4FF9246AB659006423F3 /* KutahyaUlasimUITests.xctest */,
			);
			name = Products;
			sourceTree = "<group>";
		};
		F86A4FDA246AB656006423F3 /* KutahyaUlasim */ = {
			isa = PBXGroup;
			children = (
				F86A4FDB246AB656006423F3 /* AppDelegate.swift */,
				F86A4FDD246AB656006423F3 /* SceneDelegate.swift */,
				F86A4FDF246AB656006423F3 /* ViewController.swift */,
				F86A4FE1246AB656006423F3 /* Main.storyboard */,
				F86A4FE4246AB658006423F3 /* Assets.xcassets */,
				F86A4FE6246AB658006423F3 /* LaunchScreen.storyboard */,
				F86A4FE9246AB658006423F3 /* Info.plist */,
			);
			path = KutahyaUlasim;
			sourceTree = "<group>";
		};
		F86A4FF1246AB659006423F3 /* KutahyaUlasimTests */ = {
			isa = PBXGroup;
			children = (
				F86A4FF2246AB659006423F3 /* KutahyaUlasimTests.swift */,
				F86A4FF4246AB659006423F3 /* Info.plist */,
			);
			path = KutahyaUlasimTests;
			sourceTree = "<group>";
		};
		F86A4FFC246AB659006423F3 /* KutahyaUlasimUITests */ = {
			isa = PBXGroup;
			children = (
				F86A4FFD246AB659006423F3 /* KutahyaUlasimUITests.swift */,
				F86A4FFF246AB659006423F3 /* Info.plist */,
			);
			path = KutahyaUlasimUITests;
			sourceTree = "<group>";
		};
/* End PBXGroup section */

/* Begin PBXNativeTarget section */
		F86A4FD7246AB656006423F3 /* KutahyaUlasim */ = {
			isa = PBXNativeTarget;
			buildConfigurationList = F86A5002246AB659006423F3 /* Build configuration list for PBXNativeTarget "KutahyaUlasim" */;
			buildPhases = (
				F86A4FD4246AB656006423F3 /* Sources */,
				F86A4FD5246AB656006423F3 /* Frameworks */,
				F86A4FD6246AB656006423F3 /* Resources */,
			);
			buildRules = (
			);
			dependencies = (
			);
			name = KutahyaUlasim;
			productName = KutahyaUlasim;
			productReference = F86A4FD8246AB656006423F3 /* KutahyaUlasim.app */;
			productType = "com.apple.product-type.application";
		};
		F86A4FED246AB659006423F3 /* KutahyaUlasimTests */ = {
			isa = PBXNativeTarget;
			buildConfigurationList = F86A5005246AB659006423F3 /* Build configuration list for PBXNativeTarget "KutahyaUlasimTests" */;
			buildPhases = (
				F86A4FEA246AB659006423F3 /* Sources */,
				F86A4FEB246AB659006423F3 /* Frameworks */,
				F86A4FEC246AB659006423F3 /* Resources */,
			);
			buildRules = (
			);
			dependencies = (
				F86A4FF0246AB659006423F3 /* PBXTargetDependency */,
			);
			name = KutahyaUlasimTests;
			productName = KutahyaUlasimTests;
			productReference = F86A4FEE246AB659006423F3 /* KutahyaUlasimTests.xctest */;
			productType = "com.apple.product-type.bundle.unit-test";
		};
		F86A4FF8246AB659006423F3 /* KutahyaUlasimUITests */ = {
			isa = PBXNativeTarget;
			buildConfigurationList = F86A5008246AB659006423F3 /* Build configuration list for PBXNativeTarget "KutahyaUlasimUITests" */;
			buildPhases = (
				F86A4FF5246AB659006423F3 /* Sources */,
				F86A4FF6246AB659006423F3 /* Frameworks */,
				F86A4FF7246AB659006423F3 /* Resources */,
			);
			buildRules = (
			);
			dependencies = (
				F86A4FFB246AB659006423F3 /* PBXTargetDependency */,
			);
			name = KutahyaUlasimUITests;
			productName = KutahyaUlasimUITests;
			productReference = F86A4FF9246AB659006423F3 /* KutahyaUlasimUITests.xctest */;
			productType = "com.apple.product-type.bundle.ui-testing";
		};
/* End PBXNativeTarget section */

/* Begin PBXProject section */
		F86A4FD0246AB656006423F3 /* Project object */ = {
			isa = PBXProject;
			attributes = {
				LastSwiftUpdateCheck = 1140;
				LastUpgradeCheck = 1140;
				ORGANIZATIONNAME = "Berkant Beğdilili";
				TargetAttributes = {
					F86A4FD7246AB656006423F3 = {
						CreatedOnToolsVersion = 11.4.1;
					};
					F86A4FED246AB659006423F3 = {
						CreatedOnToolsVersion = 11.4.1;
						TestTargetID = F86A4FD7246AB656006423F3;
					};
					F86A4FF8246AB659006423F3 = {
						CreatedOnToolsVersion = 11.4.1;
						TestTargetID = F86A4FD7246AB656006423F3;
					};
				};
			};
			buildConfigurationList = F86A4FD3246AB656006423F3 /* Build configuration list for PBXProject "KutahyaUlasim" */;
			compatibilityVersion = "Xcode 9.3";
			developmentRegion = en;
			hasScannedForEncodings = 0;
			knownRegions = (
				en,
				Base,
			);
			mainGroup = F86A4FCF246AB656006423F3;
			productRefGroup = F86A4FD9246AB656006423F3 /* Products */;
			projectDirPath = "";
			projectRoot = "";
			targets = (
				F86A4FD7246AB656006423F3 /* KutahyaUlasim */,
				F86A4FED246AB659006423F3 /* KutahyaUlasimTests */,
				F86A4FF8246AB659006423F3 /* KutahyaUlasimUITests */,
			);
		};
/* End PBXProject section */

/* Begin PBXResourcesBuildPhase section */
		F86A4FD6246AB656006423F3 /* Resources */ = {
			isa = PBXResourcesBuildPhase;
			buildActionMask = 2147483647;
			files = (
				F86A4FE8246AB658006423F3 /* LaunchScreen.storyboard in Resources */,
				F86A4FE5246AB658006423F3 /* Assets.xcassets in Resources */,
				F86A4FE3246AB656006423F3 /* Main.storyboard in Resources */,
			);
			runOnlyForDeploymentPostprocessing = 0;
		};
		F86A4FEC246AB659006423F3 /* Resources */ = {
			isa = PBXResourcesBuildPhase;
			buildActionMask = 2147483647;
			files = (
			);
			runOnlyForDeploymentPostprocessing = 0;
		};
		F86A4FF7246AB659006423F3 /* Resources */ = {
			isa = PBXResourcesBuildPhase;
			buildActionMask = 2147483647;
			files = (
			);
			runOnlyForDeploymentPostprocessing = 0;
		};
/* End PBXResourcesBuildPhase section */

/* Begin PBXSourcesBuildPhase section */
		F86A4FD4246AB656006423F3 /* Sources */ = {
			isa = PBXSourcesBuildPhase;
			buildActionMask = 2147483647;
			files = (
				F86A4FE0246AB656006423F3 /* ViewController.swift in Sources */,
				F86A4FDC246AB656006423F3 /* AppDelegate.swift in Sources */,
				F86A4FDE246AB656006423F3 /* SceneDelegate.swift in Sources */,
			);
			runOnlyForDeploymentPostprocessing = 0;
		};
		F86A4FEA246AB659006423F3 /* Sources */ = {
			isa = PBXSourcesBuildPhase;
			buildActionMask = 2147483647;
			files = (
				F86A4FF3246AB659006423F3 /* KutahyaUlasimTests.swift in Sources */,
			);
			runOnlyForDeploymentPostprocessing = 0;
		};
		F86A4FF5246AB659006423F3 /* Sources */ = {
			isa = PBXSourcesBuildPhase;
			buildActionMask = 2147483647;
			files = (
				F86A4FFE246AB659006423F3 /* KutahyaUlasimUITests.swift in Sources */,
			);
			runOnlyForDeploymentPostprocessing = 0;
		};
/* End PBXSourcesBuildPhase section */

/* Begin PBXTargetDependency section */
		F86A4FF0246AB659006423F3 /* PBXTargetDependency */ = {
			isa = PBXTargetDependency;
			target = F86A4FD7246AB656006423F3 /* KutahyaUlasim */;
			targetProxy = F86A4FEF246AB659006423F3 /* PBXContainerItemProxy */;
		};
		F86A4FFB246AB659006423F3 /* PBXTargetDependency */ = {
			isa = PBXTargetDependency;
			target = F86A4FD7246AB656006423F3 /* KutahyaUlasim */;
			targetProxy = F86A4FFA246AB659006423F3 /* PBXContainerItemProxy */;
		};
/* End PBXTargetDependency section */

/* Begin PBXVariantGroup section */
		F86A4FE1246AB656006423F3 /* Main.storyboard */ = {
			isa = PBXVariantGroup;
			children = (
				F86A4FE2246AB656006423F3 /* Base */,
			);
			name = Main.storyboard;
			sourceTree = "<group>";
		};
		F86A4FE6246AB658006423F3 /* LaunchScreen.storyboard */ = {
			isa = PBXVariantGroup;
			children = (
				F86A4FE7246AB658006423F3 /* Base */,
			);
			name = LaunchScreen.storyboard;
			sourceTree = "<group>";
		};
/* End PBXVariantGroup section */

/* Begin XCBuildConfiguration section */
		F86A5000246AB659006423F3 /* Debug */ = {
			isa = XCBuildConfiguration;
			buildSettings = {
				ALWAYS_SEARCH_USER_PATHS = NO;
				CLANG_ANALYZER_NONNULL = YES;
				CLANG_ANALYZER_NUMBER_OBJECT_CONVERSION = YES_AGGRESSIVE;
				CLANG_CXX_LANGUAGE_STANDARD = "gnu++14";
				CLANG_CXX_LIBRARY = "libc++";
				CLANG_ENABLE_MODULES = YES;
				CLANG_ENABLE_OBJC_ARC = YES;
				CLANG_ENABLE_OBJC_WEAK = YES;
				CLANG_WARN_BLOCK_CAPTURE_AUTORELEASING = YES;
				CLANG_WARN_BOOL_CONVERSION = YES;
				CLANG_WARN_COMMA = YES;
				CLANG_WARN_CONSTANT_CONVERSION = YES;
				CLANG_WARN_DEPRECATED_OBJC_IMPLEMENTATIONS = YES;
				CLANG_WARN_DIRECT_OBJC_ISA_USAGE = YES_ERROR;
				CLANG_WARN_DOCUMENTATION_COMMENTS = YES;
				CLANG_WARN_EMPTY_BODY = YES;
				CLANG_WARN_ENUM_CONVERSION = YES;
				CLANG_WARN_INFINITE_RECURSION = YES;
				CLANG_WARN_INT_CONVERSION = YES;
				CLANG_WARN_NON_LITERAL_NULL_CONVERSION = YES;
				CLANG_WARN_OBJC_IMPLICIT_RETAIN_SELF = YES;
				CLANG_WARN_OBJC_LITERAL_CONVERSION = YES;
				CLANG_WARN_OBJC_ROOT_CLASS = YES_ERROR;
				CLANG_WARN_RANGE_LOOP_ANALYSIS = YES;
				CLANG_WARN_STRICT_PROTOTYPES = YES;
				CLANG_WARN_SUSPICIOUS_MOVE = YES;
				CLANG_WARN_UNGUARDED_AVAILABILITY = YES_AGGRESSIVE;
				CLANG_WARN_UNREACHABLE_CODE = YES;
				CLANG_WARN__DUPLICATE_METHOD_MATCH = YES;
				COPY_PHASE_STRIP = NO;
				DEBUG_INFORMATION_FORMAT = dwarf;
				ENABLE_STRICT_OBJC_MSGSEND = YES;
				ENABLE_TESTABILITY = YES;
				GCC_C_LANGUAGE_STANDARD = gnu11;
				GCC_DYNAMIC_NO_PIC = NO;
				GCC_NO_COMMON_BLOCKS = YES;
				GCC_OPTIMIZATION_LEVEL = 0;
				GCC_PREPROCESSOR_DEFINITIONS = (
					"DEBUG=1",
					"$(inherited)",
				);
				GCC_WARN_64_TO_32_BIT_CONVERSION = YES;
				GCC_WARN_ABOUT_RETURN_TYPE = YES_ERROR;
				GCC_WARN_UNDECLARED_SELECTOR = YES;
				GCC_WARN_UNINITIALIZED_AUTOS = YES_AGGRESSIVE;
				GCC_WARN_UNUSED_FUNCTION = YES;
				GCC_WARN_UNUSED_VARIABLE = YES;
				IPHONEOS_DEPLOYMENT_TARGET = 13.4;
				MTL_ENABLE_DEBUG_INFO = INCLUDE_SOURCE;
				MTL_FAST_MATH = YES;
				ONLY_ACTIVE_ARCH = YES;
				SDKROOT = iphoneos;
				SWIFT_ACTIVE_COMPILATION_CONDITIONS = DEBUG;
				SWIFT_OPTIMIZATION_LEVEL = "-Onone";
			};
			name = Debug;
		};
		F86A5001246AB659006423F3 /* Release */ = {
			isa = XCBuildConfiguration;
			buildSettings = {
				ALWAYS_SEARCH_USER_PATHS = NO;
				CLANG_ANALYZER_NONNULL = YES;
				CLANG_ANALYZER_NUMBER_OBJECT_CONVERSION = YES_AGGRESSIVE;
				CLANG_CXX_LANGUAGE_STANDARD = "gnu++14";
				CLANG_CXX_LIBRARY = "libc++";
				CLANG_ENABLE_MODULES = YES;
				CLANG_ENABLE_OBJC_ARC = YES;
				CLANG_ENABLE_OBJC_WEAK = YES;
				CLANG_WARN_BLOCK_CAPTURE_AUTORELEASING = YES;
				CLANG_WARN_BOOL_CONVERSION = YES;
				CLANG_WARN_COMMA = YES;
				CLANG_WARN_CONSTANT_CONVERSION = YES;
				CLANG_WARN_DEPRECATED_OBJC_IMPLEMENTATIONS = YES;
				CLANG_WARN_DIRECT_OBJC_ISA_USAGE = YES_ERROR;
				CLANG_WARN_DOCUMENTATION_COMMENTS = YES;
				CLANG_WARN_EMPTY_BODY = YES;
				CLANG_WARN_ENUM_CONVERSION = YES;
				CLANG_WARN_INFINITE_RECURSION = YES;
				CLANG_WARN_INT_CONVERSION = YES;
				CLANG_WARN_NON_LITERAL_NULL_CONVERSION = YES;
				CLANG_WARN_OBJC_IMPLICIT_RETAIN_SELF = YES;
				CLANG_WARN_OBJC_LITERAL_CONVERSION = YES;
				CLANG_WARN_OBJC_ROOT_CLASS = YES_ERROR;
				CLANG_WARN_RANGE_LOOP_ANALYSIS = YES;
				CLANG_WARN_STRICT_PROTOTYPES = YES;
				CLANG_WARN_SUSPICIOUS_MOVE = YES;
				CLANG_WARN_UNGUARDED_AVAILABILITY = YES_AGGRESSIVE;
				CLANG_WARN_UNREACHABLE_CODE = YES;
				CLANG_WARN__DUPLICATE_METHOD_MATCH = YES;
				COPY_PHASE_STRIP = NO;
				DEBUG_INFORMATION_FORMAT = "dwarf-with-dsym";
				ENABLE_NS_ASSERTIONS = NO;
				ENABLE_STRICT_OBJC_MSGSEND = YES;
				GCC_C_LANGUAGE_STANDARD = gnu11;
				GCC_NO_COMMON_BLOCKS = YES;
				GCC_WARN_64_TO_32_BIT_CONVERSION = YES;
				GCC_WARN_ABOUT_RETURN_TYPE = YES_ERROR;
				GCC_WARN_UNDECLARED_SELECTOR = YES;
				GCC_WARN_UNINITIALIZED_AUTOS = YES_AGGRESSIVE;
				GCC_WARN_UNUSED_FUNCTION = YES;
				GCC_WARN_UNUSED_VARIABLE = YES;
				IPHONEOS_DEPLOYMENT_TARGET = 13.4;
				MTL_ENABLE_DEBUG_INFO = NO;
				MTL_FAST_MATH = YES;
				SDKROOT = iphoneos;
				SWIFT_COMPILATION_MODE = wholemodule;
				SWIFT_OPTIMIZATION_LEVEL = "-O";
				VALIDATE_PRODUCT = YES;
			};
			name = Release;
		};
		F86A5003246AB659006423F3 /* Debug */ = {
			isa = XCBuildConfiguration;
			buildSettings = {
				ASSETCATALOG_COMPILER_APPICON_NAME = AppIcon;
				CODE_SIGN_STYLE = Automatic;
				DEVELOPMENT_TEAM = 2BH44AM79Q;
				INFOPLIST_FILE = KutahyaUlasim/Info.plist;
				LD_RUNPATH_SEARCH_PATHS = (
					"$(inherited)",
					"@executable_path/Frameworks",
				);
				PRODUCT_BUNDLE_IDENTIFIER = com.berkantbegdilili.KutahyaUlasim;
				PRODUCT_NAME = "$(TARGET_NAME)";
				SWIFT_VERSION = 5.0;
				TARGETED_DEVICE_FAMILY = "1,2";
			};
			name = Debug;
		};
		F86A5004246AB659006423F3 /* Release */ = {
			isa = XCBuildConfiguration;
			buildSettings = {
				ASSETCATALOG_COMPILER_APPICON_NAME = AppIcon;
				CODE_SIGN_STYLE = Automatic;
				DEVELOPMENT_TEAM = 2BH44AM79Q;
				INFOPLIST_FILE = KutahyaUlasim/Info.plist;
				LD_RUNPATH_SEARCH_PATHS = (
					"$(inherited)",
					"@executable_path/Frameworks",
				);
				PRODUCT_BUNDLE_IDENTIFIER = com.berkantbegdilili.KutahyaUlasim;
				PRODUCT_NAME = "$(TARGET_NAME)";
				SWIFT_VERSION = 5.0;
				TARGETED_DEVICE_FAMILY = "1,2";
			};
			name = Release;
		};
		F86A5006246AB659006423F3 /* Debug */ = {
			isa = XCBuildConfiguration;
			buildSettings = {
				ALWAYS_EMBED_SWIFT_STANDARD_LIBRARIES = YES;
				BUNDLE_LOADER = "$(TEST_HOST)";
				CODE_SIGN_STYLE = Automatic;
				DEVELOPMENT_TEAM = 2BH44AM79Q;
				INFOPLIST_FILE = KutahyaUlasimTests/Info.plist;
				IPHONEOS_DEPLOYMENT_TARGET = 13.4;
				LD_RUNPATH_SEARCH_PATHS = (
					"$(inherited)",
					"@executable_path/Frameworks",
					"@loader_path/Frameworks",
				);
				PRODUCT_BUNDLE_IDENTIFIER = com.berkantbegdilili.KutahyaUlasimTests;
				PRODUCT_NAME = "$(TARGET_NAME)";
				SWIFT_VERSION = 5.0;
				TARGETED_DEVICE_FAMILY = "1,2";
				TEST_HOST = "$(BUILT_PRODUCTS_DIR)/KutahyaUlasim.app/KutahyaUlasim";
			};
			name = Debug;
		};
		F86A5007246AB659006423F3 /* Release */ = {
			isa = XCBuildConfiguration;
			buildSettings = {
				ALWAYS_EMBED_SWIFT_STANDARD_LIBRARIES = YES;
				BUNDLE_LOADER = "$(TEST_HOST)";
				CODE_SIGN_STYLE = Automatic;
				DEVELOPMENT_TEAM = 2BH44AM79Q;
				INFOPLIST_FILE = KutahyaUlasimTests/Info.plist;
				IPHONEOS_DEPLOYMENT_TARGET = 13.4;
				LD_RUNPATH_SEARCH_PATHS = (
					"$(inherited)",
					"@executable_path/Frameworks",
					"@loader_path/Frameworks",
				);
				PRODUCT_BUNDLE_IDENTIFIER = com.berkantbegdilili.KutahyaUlasimTests;
				PRODUCT_NAME = "$(TARGET_NAME)";
				SWIFT_VERSION = 5.0;
				TARGETED_DEVICE_FAMILY = "1,2";
				TEST_HOST = "$(BUILT_PRODUCTS_DIR)/KutahyaUlasim.app/KutahyaUlasim";
			};
			name = Release;
		};
		F86A5009246AB659006423F3 /* Debug */ = {
			isa = XCBuildConfiguration;
			buildSettings = {
				ALWAYS_EMBED_SWIFT_STANDARD_LIBRARIES = YES;
				CODE_SIGN_STYLE = Automatic;
				DEVELOPMENT_TEAM = 2BH44AM79Q;
				INFOPLIST_FILE = KutahyaUlasimUITests/Info.plist;
				LD_RUNPATH_SEARCH_PATHS = (
					"$(inherited)",
					"@executable_path/Frameworks",
					"@loader_path/Frameworks",
				);
				PRODUCT_BUNDLE_IDENTIFIER = com.berkantbegdilili.KutahyaUlasimUITests;
				PRODUCT_NAME = "$(TARGET_NAME)";
				SWIFT_VERSION = 5.0;
				TARGETED_DEVICE_FAMILY = "1,2";
				TEST_TARGET_NAME = KutahyaUlasim;
			};
			name = Debug;
		};
		F86A500A246AB659006423F3 /* Release */ = {
			isa = XCBuildConfiguration;
			buildSettings = {
				ALWAYS_EMBED_SWIFT_STANDARD_LIBRARIES = YES;
				CODE_SIGN_STYLE = Automatic;
				DEVELOPMENT_TEAM = 2BH44AM79Q;
				INFOPLIST_FILE = KutahyaUlasimUITests/Info.plist;
				LD_RUNPATH_SEARCH_PATHS = (
					"$(inherited)",
					"@executable_path/Frameworks",
					"@loader_path/Frameworks",
				);
				PRODUCT_BUNDLE_IDENTIFIER = com.berkantbegdilili.KutahyaUlasimUITests;
				PRODUCT_NAME = "$(TARGET_NAME)";
				SWIFT_VERSION = 5.0;
				TARGETED_DEVICE_FAMILY = "1,2";
				TEST_TARGET_NAME = KutahyaUlasim;
			};
			name = Release;
		};
/* End XCBuildConfiguration section */

/* Begin XCConfigurationList section */
		F86A4FD3246AB656006423F3 /* Build configuration list for PBXProject "KutahyaUlasim" */ = {
			isa = XCConfigurationList;
			buildConfigurations = (
				F86A5000246AB659006423F3 /* Debug */,
				F86A5001246AB659006423F3 /* Release */,
			);
			defaultConfigurationIsVisible = 0;
			defaultConfigurationName = Release;
		};
		F86A5002246AB659006423F3 /* Build configuration list for PBXNativeTarget "KutahyaUlasim" */ = {
			isa = XCConfigurationList;
			buildConfigurations = (
				F86A5003246AB659006423F3 /* Debug */,
				F86A5004246AB659006423F3 /* Release */,
			);
			defaultConfigurationIsVisible = 0;
			defaultConfigurationName = Release;
		};
		F86A5005246AB659006423F3 /* Build configuration list for PBXNativeTarget "KutahyaUlasimTests" */ = {
			isa = XCConfigurationList;
			buildConfigurations = (
				F86A5006246AB659006423F3 /* Debug */,
				F86A5007246AB659006423F3 /* Release */,
			);
			defaultConfigurationIsVisible = 0;
			defaultConfigurationName = Release;
		};
		F86A5008246AB659006423F3 /* Build configuration list for PBXNativeTarget "KutahyaUlasimUITests" */ = {
			isa = XCConfigurationList;
			buildConfigurations = (
				F86A5009246AB659006423F3 /* Debug */,
				F86A500A246AB659006423F3 /* Release */,
			);
			defaultConfigurationIsVisible = 0;
			defaultConfigurationName = Release;
		};
/* End XCConfigurationList section */
	};
	rootObject = F86A4FD0246AB656006423F3 /* Project object */;
}
